
Microsoft Visual Studio Solution File, Format Version 12.00
# Visual Studio Version 17
VisualStudioVersion = 17.0.32014.148
MinimumVisualStudioVersion = 10.0.40219.1
Project("{FAE04EC0-301F-11D3-BF4B-00C04F79EFBC}") = "aocd3part1", "aocd3part1\aocd3part1.csproj", "{CD62AC3A-AB85-4D28-BD14-68C6F204DD0B}"
EndProject
Global
	GlobalSection(SolutionConfigurationPlatforms) = preSolution
		Debug|Any CPU = Debug|Any CPU
		Release|Any CPU = Release|Any CPU
	EndGlobalSection
	GlobalSection(ProjectConfigurationPlatforms) = postSolution
		{CD62AC3A-AB85-4D28-BD14-68C6F204DD0B}.Debug|Any CPU.ActiveCfg = Debug|Any CPU
		{CD62AC3A-AB85-4D28-BD14-68C6F204DD0B}.Debug|Any CPU.Build.0 = Debug|Any CPU
		{CD62AC3A-AB85-4D28-BD14-68C6F204DD0B}.Release|Any CPU.ActiveCfg = Release|Any CPU
		{CD62AC3A-AB85-4D28-BD14-68C6F204DD0B}.Release|Any CPU.Build.0 = Release|Any CPU
	EndGlobalSection
	GlobalSection(SolutionProperties) = preSolution
		HideSolutionNode = FALSE
	EndGlobalSection
	GlobalSection(ExtensibilityGlobals) = postSolution
		SolutionGuid = {7D060B7D-55AE-43C5-8477-D97B9F5073D0}
	EndGlobalSection
EndGlobal
